
Microsoft Visual Studio Solution File, Format Version 12.00
# Visual Studio 15
VisualStudioVersion = 15.0.27428.2027
MinimumVisualStudioVersion = 10.0.40219.1
Project("{159641D6-6404-4A2A-AE62-294DE0FE8301}") = "NFL", "NFL\NFL.dtproj", "{CBFC387B-AA75-471A-9FB6-896521316FA2}"
EndProject
Global
	GlobalSection(SolutionConfigurationPlatforms) = preSolution
		Development|Default = Development|Default
	EndGlobalSection
	GlobalSection(ProjectConfigurationPlatforms) = postSolution
		{CBFC387B-AA75-471A-9FB6-896521316FA2}.Development|Default.ActiveCfg = Development
		{CBFC387B-AA75-471A-9FB6-896521316FA2}.Development|Default.Build.0 = Development
	EndGlobalSection
	GlobalSection(SolutionProperties) = preSolution
		HideSolutionNode = FALSE
	EndGlobalSection
	GlobalSection(ExtensibilityGlobals) = postSolution
		SolutionGuid = {EB74EB9D-B455-435A-B25E-CF54F66B68BF}
	EndGlobalSection
EndGlobal
